
Microsoft Visual Studio Solution File, Format Version 12.00
# Visual Studio Version 17
VisualStudioVersion = 17.11.35327.3
MinimumVisualStudioVersion = 10.0.40219.1
Project("{FAE04EC0-301F-11D3-BF4B-00C04F79EFBC}") = "Assignment_2.3.2", "Assignment_2.3.2.csproj", "{F2DFD2B3-7BC8-49E4-AD13-3F79082071D0}"
EndProject
Global
	GlobalSection(SolutionConfigurationPlatforms) = preSolution
		Debug|Any CPU = Debug|Any CPU
		Release|Any CPU = Release|Any CPU
	EndGlobalSection
	GlobalSection(ProjectConfigurationPlatforms) = postSolution
		{F2DFD2B3-7BC8-49E4-AD13-3F79082071D0}.Debug|Any CPU.ActiveCfg = Debug|Any CPU
		{F2DFD2B3-7BC8-49E4-AD13-3F79082071D0}.Debug|Any CPU.Build.0 = Debug|Any CPU
		{F2DFD2B3-7BC8-49E4-AD13-3F79082071D0}.Release|Any CPU.ActiveCfg = Release|Any CPU
		{F2DFD2B3-7BC8-49E4-AD13-3F79082071D0}.Release|Any CPU.Build.0 = Release|Any CPU
	EndGlobalSection
	GlobalSection(SolutionProperties) = preSolution
		HideSolutionNode = FALSE
	EndGlobalSection
	GlobalSection(ExtensibilityGlobals) = postSolution
		SolutionGuid = {48E4858A-D9B9-4CF6-B4AE-21A2BAE84457}
	EndGlobalSection
EndGlobal
